
Microsoft Visual Studio Solution File, Format Version 12.00
# Visual Studio Version 17
VisualStudioVersion = 17.1.32228.430
MinimumVisualStudioVersion = 10.0.40219.1
Project("{9A19103F-16F7-4668-BE54-9A1E7A4F7556}") = "Authentication.API", "Authentication.API\Authentication.API.csproj", "{F8C9D5E6-B166-4667-8874-AA9D188944D0}"
EndProject
Project("{9A19103F-16F7-4668-BE54-9A1E7A4F7556}") = "Authentication.API.Tests", "Authentication.API.Tests\Authentication.API.Tests.csproj", "{67803DE0-D332-48C7-96AF-2848B6872A55}"
EndProject
Project("{9A19103F-16F7-4668-BE54-9A1E7A4F7556}") = "Authentication.Data", "Authentication.Data\Authentication.Data.csproj", "{17E8A1CE-2AB3-4BC2-9892-EA726A9DD781}"
EndProject
Project("{FAE04EC0-301F-11D3-BF4B-00C04F79EFBC}") = "Authentication.Common", "Authentication.Common\Authentication.Common.csproj", "{461959ED-F6AE-40C0-A101-44D43A0DCA66}"
EndProject
Global
	GlobalSection(SolutionConfigurationPlatforms) = preSolution
		Debug|Any CPU = Debug|Any CPU
		Debug|x64 = Debug|x64
		Release|Any CPU = Release|Any CPU
		Release|x64 = Release|x64
	EndGlobalSection
	GlobalSection(ProjectConfigurationPlatforms) = postSolution
		{F8C9D5E6-B166-4667-8874-AA9D188944D0}.Debug|Any CPU.ActiveCfg = Debug|Any CPU
		{F8C9D5E6-B166-4667-8874-AA9D188944D0}.Debug|Any CPU.Build.0 = Debug|Any CPU
		{F8C9D5E6-B166-4667-8874-AA9D188944D0}.Debug|x64.ActiveCfg = Debug|x64
		{F8C9D5E6-B166-4667-8874-AA9D188944D0}.Debug|x64.Build.0 = Debug|x64
		{F8C9D5E6-B166-4667-8874-AA9D188944D0}.Release|Any CPU.ActiveCfg = Release|Any CPU
		{F8C9D5E6-B166-4667-8874-AA9D188944D0}.Release|Any CPU.Build.0 = Release|Any CPU
		{F8C9D5E6-B166-4667-8874-AA9D188944D0}.Release|x64.ActiveCfg = Release|x64
		{F8C9D5E6-B166-4667-8874-AA9D188944D0}.Release|x64.Build.0 = Release|x64
		{67803DE0-D332-48C7-96AF-2848B6872A55}.Debug|Any CPU.ActiveCfg = Debug|Any CPU
		{67803DE0-D332-48C7-96AF-2848B6872A55}.Debug|Any CPU.Build.0 = Debug|Any CPU
		{67803DE0-D332-48C7-96AF-2848B6872A55}.Debug|x64.ActiveCfg = Debug|Any CPU
		{67803DE0-D332-48C7-96AF-2848B6872A55}.Debug|x64.Build.0 = Debug|Any CPU
		{67803DE0-D332-48C7-96AF-2848B6872A55}.Release|Any CPU.ActiveCfg = Release|Any CPU
		{67803DE0-D332-48C7-96AF-2848B6872A55}.Release|Any CPU.Build.0 = Release|Any CPU
		{67803DE0-D332-48C7-96AF-2848B6872A55}.Release|x64.ActiveCfg = Release|Any CPU
		{67803DE0-D332-48C7-96AF-2848B6872A55}.Release|x64.Build.0 = Release|Any CPU
		{17E8A1CE-2AB3-4BC2-9892-EA726A9DD781}.Debug|Any CPU.ActiveCfg = Debug|Any CPU
		{17E8A1CE-2AB3-4BC2-9892-EA726A9DD781}.Debug|Any CPU.Build.0 = Debug|Any CPU
		{17E8A1CE-2AB3-4BC2-9892-EA726A9DD781}.Debug|x64.ActiveCfg = Debug|Any CPU
		{17E8A1CE-2AB3-4BC2-9892-EA726A9DD781}.Debug|x64.Build.0 = Debug|Any CPU
		{17E8A1CE-2AB3-4BC2-9892-EA726A9DD781}.Release|Any CPU.ActiveCfg = Release|Any CPU
		{17E8A1CE-2AB3-4BC2-9892-EA726A9DD781}.Release|Any CPU.Build.0 = Release|Any CPU
		{17E8A1CE-2AB3-4BC2-9892-EA726A9DD781}.Release|x64.ActiveCfg = Release|Any CPU
		{17E8A1CE-2AB3-4BC2-9892-EA726A9DD781}.Release|x64.Build.0 = Release|Any CPU
		{461959ED-F6AE-40C0-A101-44D43A0DCA66}.Debug|Any CPU.ActiveCfg = Debug|Any CPU
		{461959ED-F6AE-40C0-A101-44D43A0DCA66}.Debug|Any CPU.Build.0 = Debug|Any CPU
		{461959ED-F6AE-40C0-A101-44D43A0DCA66}.Debug|x64.ActiveCfg = Debug|Any CPU
		{461959ED-F6AE-40C0-A101-44D43A0DCA66}.Debug|x64.Build.0 = Debug|Any CPU
		{461959ED-F6AE-40C0-A101-44D43A0DCA66}.Release|Any CPU.ActiveCfg = Release|Any CPU
		{461959ED-F6AE-40C0-A101-44D43A0DCA66}.Release|Any CPU.Build.0 = Release|Any CPU
		{461959ED-F6AE-40C0-A101-44D43A0DCA66}.Release|x64.ActiveCfg = Release|Any CPU
		{461959ED-F6AE-40C0-A101-44D43A0DCA66}.Release|x64.Build.0 = Release|Any CPU
	EndGlobalSection
	GlobalSection(SolutionProperties) = preSolution
		HideSolutionNode = FALSE
	EndGlobalSection
	GlobalSection(ExtensibilityGlobals) = postSolution
		SolutionGuid = {CB4F0405-59EF-4D99-B7C8-866D3D277A50}
	EndGlobalSection
EndGlobal
